{
    "_readme": [
        "This file locks the dependencies of your project to a known state",
        "Read more about it at https://getcomposer.org/doc/01-basic-usage.md#composer-lock-the-lock-file",
        "This file is @generated automatically"
    ],
    "hash": "2e6294a6efb23a6055b88716ea50ba7e",
    "content-hash": "29e43ce757458cd73cce676eeb5fb503",
    "packages": [
        {
            "name": "gossi/collection",
            "version": "v1.4.1",
            "source": {
                "type": "git",
                "url": "https://github.com/gossi/collection.git",
                "reference": "339bda4e443645d0cd9165302ee23f44d4bdfa90"
            },
            "dist": {
                "type": "zip",
                "url": "https://api.github.com/repos/gossi/collection/zipball/339bda4e443645d0cd9165302ee23f44d4bdfa90",
                "reference": "339bda4e443645d0cd9165302ee23f44d4bdfa90",
                "shasum": ""
            },
            "require": {
                "gossi/common": "~0",
                "php": ">=5.4"
            },
            "require-dev": {
                "phpunit/phpunit": "~4"
            },
            "type": "library",
            "autoload": {
                "psr-4": {
                    "gossi\\collection\\": "src"
                }
            },
            "notification-url": "https://packagist.org/downloads/",
            "license": [
                "MIT"
            ],
            "description": "PHP Collections library",
            "keywords": [
                "collection",
                "collections",
                "list",
                "map",
                "queue",
                "set",
                "stack"
            ],
            "abandoned": "phootwork/collection",
            "time": "2014-11-09 19:10:34"
        },
        {
            "name": "gossi/common",
            "version": "v0.3",
            "source": {
                "type": "git",
                "url": "https://github.com/gossi/common.git",
                "reference": "88362cd8c06d0f5f7d02870f64105d3912d95044"
            },
            "dist": {
                "type": "zip",
                "url": "https://api.github.com/repos/gossi/common/zipball/88362cd8c06d0f5f7d02870f64105d3912d95044",
                "reference": "88362cd8c06d0f5f7d02870f64105d3912d95044",
                "shasum": ""
            },
            "type": "library",
            "autoload": {
                "psr-4": {
                    "gossi\\common\\": "src"
                }
            },
            "notification-url": "https://packagist.org/downloads/",
            "license": [
                "MIT"
            ],
            "description": "Common php interfaces and classes",
            "keywords": [
                "commons",
                "php"
            ],
            "abandoned": "phootwork/lang",
            "time": "2014-11-06 01:24:21"
        },
        {
            "name": "gossi/docblock",
            "version": "v1.5",
            "source": {
                "type": "git",
                "url": "https://github.com/gossi/docblock.git",
                "reference": "9360d6c57c4d8655c59e77a50abdc5b43c3ca521"
            },
            "dist": {
                "type": "zip",
                "url": "https://api.github.com/repos/gossi/docblock/zipball/9360d6c57c4d8655c59e77a50abdc5b43c3ca521",
                "reference": "9360d6c57c4d8655c59e77a50abdc5b43c3ca521",
                "shasum": ""
            },
            "require": {
                "phootwork/collection": "~1",
                "php": ">=5.4"
            },
            "require-dev": {
                "phpunit/phpunit": "~4",
                "sami/sami": "~1"
            },
            "type": "library",
            "autoload": {
                "psr-4": {
                    "gossi\\docblock\\": "src"
                }
            },
            "notification-url": "https://packagist.org/downloads/",
            "license": [
                "MIT"
            ],
            "description": "PHP Docblock parser and generator. An API to read and write Docblocks.",
            "keywords": [
                "docblock",
                "generator",
                "parser"
            ],
            "time": "2015-09-18 14:16:44"
        },
        {
            "name": "gossi/php-code-formatter",
            "version": "dev-master",
            "source": {
                "type": "git",
                "url": "https://github.com/gossi/php-code-formatter.git",
                "reference": "318c01ef82fe471bca62e636dbee86bb38a6e00e"
            },
            "dist": {
                "type": "zip",
                "url": "https://api.github.com/repos/gossi/php-code-formatter/zipball/318c01ef82fe471bca62e636dbee86bb38a6e00e",
                "reference": "318c01ef82fe471bca62e636dbee86bb38a6e00e",
                "shasum": ""
            },
            "require": {
                "gossi/collection": "~1",
                "php": ">=5.4",
                "symfony/config": "~2",
                "symfony/event-dispatcher": "~2",
                "symfony/yaml": "~2"
            },
            "require-dev": {
                "phpunit/phpunit": "~4"
            },
            "type": "library",
            "autoload": {
                "psr-4": {
                    "gossi\\formatter\\": "src"
                }
            },
            "notification-url": "https://packagist.org/downloads/",
            "license": [
                "MIT"
            ],
            "description": "a code formatter for php code",
            "keywords": [
                "beautifier",
                "formatter",
                "php"
            ],
            "time": "2014-10-18 23:05:55"
        },
        {
            "name": "gossi/php-code-generator",
            "version": "dev-master",
            "source": {
                "type": "git",
                "url": "https://github.com/gossi/php-code-generator.git",
                "reference": "4fb6ea82862355782d6adfa1e58ceecdfa832425"
            },
            "dist": {
                "type": "zip",
                "url": "https://api.github.com/repos/gossi/php-code-generator/zipball/4fb6ea82862355782d6adfa1e58ceecdfa832425",
                "reference": "4fb6ea82862355782d6adfa1e58ceecdfa832425",
                "shasum": ""
            },
            "require": {
                "gossi/docblock": "~1",
                "phootwork/tokenizer": "~0",
                "php": ">=5.4.0",
                "symfony/options-resolver": "~2"
            },
            "require-dev": {
                "phpunit/phpunit": "~4",
                "sami/sami": "~3"
            },
            "suggest": {
                "gossi/php-code-formatter": "Formatting your generated code"
            },
            "type": "library",
            "extra": {
                "branch-alias": {
                    "dev-master": "1.1-dev"
                }
            },
            "autoload": {
                "psr-4": {
                    "gossi\\codegen\\": "src/"
                }
            },
            "notification-url": "https://packagist.org/downloads/",
            "license": [
                "Apache2"
            ],
            "authors": [
                {
                    "name": "Johannes M. Schmitt",
                    "email": "schmittjoh@gmail.com"
                },
                {
                    "name": "Thomas Gossmann",
                    "homepage": "http://gos.si"
                }
            ],
            "description": "Toolset for generating PHP code",
            "keywords": [
                "code generation"
            ],
            "time": "2015-09-14 12:16:34"
        },
        {
            "name": "memio/linter",
            "version": "v1.0.1",
            "source": {
                "type": "git",
                "url": "https://github.com/memio/linter.git",
                "reference": "0daf993184b6eae7ed6fdbd94f3e7a6347e4c0f6"
            },
            "dist": {
                "type": "zip",
                "url": "https://api.github.com/repos/memio/linter/zipball/0daf993184b6eae7ed6fdbd94f3e7a6347e4c0f6",
                "reference": "0daf993184b6eae7ed6fdbd94f3e7a6347e4c0f6",
                "shasum": ""
            },
            "require": {
                "memio/model": "~1.0",
                "memio/validator": "~1.0",
                "php": ">=5.3.3"
            },
            "require-dev": {
                "ciaranmcnulty/phpspec-typehintedmethods": "~1.1",
                "fabpot/php-cs-fixer": "~1.6",
                "phpspec/phpspec": "~2.2"
            },
            "type": "library",
            "autoload": {
                "psr-4": {
                    "Memio\\Linter\\": "src/Memio/Linter"
                }
            },
            "notification-url": "https://packagist.org/downloads/",
            "license": [
                "MIT"
            ],
            "authors": [
                {
                    "name": "Loïc Chardonnet",
                    "email": "loic.chardonnet@gmail.com",
                    "homepage": "http://gnugat.github.io",
                    "role": "Developer"
                }
            ],
            "description": "Memio's linter, a set of constraint that check models for syntax errors",
            "homepage": "http://memio.github.io/memio",
            "keywords": [
                "code",
                "generator",
                "php"
            ],
            "time": "2015-04-29 17:22:18"
        },
        {
            "name": "memio/memio",
            "version": "dev-master",
            "source": {
                "type": "git",
                "url": "https://github.com/memio/memio.git",
                "reference": "615078a8543c24bdeda3799a80bf65d400db69e3"
            },
            "dist": {
                "type": "zip",
                "url": "https://api.github.com/repos/memio/memio/zipball/615078a8543c24bdeda3799a80bf65d400db69e3",
                "reference": "615078a8543c24bdeda3799a80bf65d400db69e3",
                "shasum": ""
            },
            "require": {
                "memio/linter": "~1.0",
                "memio/model": "~1.3",
                "memio/pretty-printer": "~1.0",
                "memio/twig-template-engine": "~1.2",
                "memio/validator": "~1.0",
                "php": ">=5.3.3"
            },
            "require-dev": {
                "fabpot/php-cs-fixer": "~1.6",
                "phpunit/phpunit": "~4.6"
            },
            "type": "library",
            "autoload": {
                "psr-4": {
                    "Memio\\Memio\\": "src/Memio/Memio",
                    "Memio\\Memio\\Config\\": "config"
                }
            },
            "notification-url": "https://packagist.org/downloads/",
            "license": [
                "MIT"
            ],
            "authors": [
                {
                    "name": "Loïc Chardonnet",
                    "email": "loic.chardonnet@gmail.com",
                    "homepage": "http://gnugat.github.io",
                    "role": "Developer"
                }
            ],
            "description": "A highly opinionated PHP code generator library",
            "homepage": "http://memio.github.io/memio",
            "keywords": [
                "code",
                "generator",
                "php"
            ],
            "time": "2015-05-14 17:58:48"
        },
        {
            "name": "memio/model",
            "version": "v1.3.5",
            "source": {
                "type": "git",
                "url": "https://github.com/memio/model.git",
                "reference": "adc4db7c62c794e6e5bdf238b147ecd3e04af7ab"
            },
            "dist": {
                "type": "zip",
                "url": "https://api.github.com/repos/memio/model/zipball/adc4db7c62c794e6e5bdf238b147ecd3e04af7ab",
                "reference": "adc4db7c62c794e6e5bdf238b147ecd3e04af7ab",
                "shasum": ""
            },
            "require": {
                "php": ">=5.3.3"
            },
            "require-dev": {
                "fabpot/php-cs-fixer": "~1.6",
                "phpspec/phpspec": "~2.2"
            },
            "type": "library",
            "autoload": {
                "psr-4": {
                    "Memio\\Model\\": "src/Memio/Model"
                }
            },
            "notification-url": "https://packagist.org/downloads/",
            "license": [
                "MIT"
            ],
            "authors": [
                {
                    "name": "Loïc Chardonnet",
                    "email": "loic.chardonnet@gmail.com",
                    "homepage": "http://gnugat.github.io",
                    "role": "Developer"
                }
            ],
            "description": "Memio's models, used to describe the code to generate",
            "homepage": "http://memio.github.io/memio",
            "keywords": [
                "code",
                "generator",
                "php"
            ],
            "time": "2015-08-03 10:30:24"
        },
        {
            "name": "memio/pretty-printer",
            "version": "v1.0.1",
            "source": {
                "type": "git",
                "url": "https://github.com/memio/pretty-printer.git",
                "reference": "49426178e82f2944e1786e7b4c00e8dee4929576"
            },
            "dist": {
                "type": "zip",
                "url": "https://api.github.com/repos/memio/pretty-printer/zipball/49426178e82f2944e1786e7b4c00e8dee4929576",
                "reference": "49426178e82f2944e1786e7b4c00e8dee4929576",
                "shasum": ""
            },
            "require": {
                "memio/model": "~1.0",
                "php": ">=5.3.3"
            },
            "require-dev": {
                "ciaranmcnulty/phpspec-typehintedmethods": "~1.1",
                "fabpot/php-cs-fixer": "~1.6",
                "phpspec/phpspec": "~2.2"
            },
            "type": "library",
            "autoload": {
                "psr-4": {
                    "Memio\\PrettyPrinter\\": "src/Memio/PrettyPrinter"
                }
            },
            "notification-url": "https://packagist.org/downloads/",
            "license": [
                "MIT"
            ],
            "authors": [
                {
                    "name": "Loïc Chardonnet",
                    "email": "loic.chardonnet@gmail.com",
                    "homepage": "http://gnugat.github.io",
                    "role": "Developer"
                }
            ],
            "description": "Memio's PrettyPrinter, used to generate PHP code from given Model",
            "homepage": "http://memio.github.io/memio",
            "keywords": [
                "code",
                "generator",
                "php"
            ],
            "time": "2015-04-29 17:54:06"
        },
        {
            "name": "memio/twig-template-engine",
            "version": "v1.2.4",
            "source": {
                "type": "git",
                "url": "https://github.com/memio/twig-template-engine.git",
                "reference": "c42964ca4cba99d7ff8c85f867275988d9a640ed"
            },
            "dist": {
                "type": "zip",
                "url": "https://api.github.com/repos/memio/twig-template-engine/zipball/c42964ca4cba99d7ff8c85f867275988d9a640ed",
                "reference": "c42964ca4cba99d7ff8c85f867275988d9a640ed",
                "shasum": ""
            },
            "require": {
                "memio/model": "~1.3",
                "memio/pretty-printer": "~1.0",
                "php": ">=5.3.3",
                "twig/twig": "~1.18"
            },
            "require-dev": {
                "fabpot/php-cs-fixer": "~1.6",
                "phpspec/phpspec": "~2.2"
            },
            "type": "library",
            "autoload": {
                "psr-4": {
                    "Memio\\TwigTemplateEngine\\": "src/Memio/TwigTemplateEngine",
                    "Memio\\TwigTemplateEngine\\Config\\": "config"
                }
            },
            "notification-url": "https://packagist.org/downloads/",
            "license": [
                "MIT"
            ],
            "authors": [
                {
                    "name": "Loïc Chardonnet",
                    "email": "loic.chardonnet@gmail.com",
                    "homepage": "http://gnugat.github.io",
                    "role": "Developer"
                }
            ],
            "description": "Memio's Twig templates, used to generate PHP code from given Model",
            "homepage": "http://memio.github.io/memio",
            "keywords": [
                "code",
                "generator",
                "php",
                "templates",
                "twig"
            ],
            "time": "2015-06-30 11:32:27"
        },
        {
            "name": "memio/validator",
            "version": "v1.0.1",
            "source": {
                "type": "git",
                "url": "https://github.com/memio/validator.git",
                "reference": "832b9f2376f7a25320e41088bb889508417b767c"
            },
            "dist": {
                "type": "zip",
                "url": "https://api.github.com/repos/memio/validator/zipball/832b9f2376f7a25320e41088bb889508417b767c",
                "reference": "832b9f2376f7a25320e41088bb889508417b767c",
                "shasum": ""
            },
            "require": {
                "memio/model": "~1.0",
                "php": ">=5.3.3"
            },
            "require-dev": {
                "ciaranmcnulty/phpspec-typehintedmethods": "~1.1",
                "fabpot/php-cs-fixer": "~1.6",
                "phpspec/phpspec": "~2.2"
            },
            "type": "library",
            "autoload": {
                "psr-4": {
                    "Memio\\Validator\\": "src/Memio/Validator"
                }
            },
            "notification-url": "https://packagist.org/downloads/",
            "license": [
                "MIT"
            ],
            "authors": [
                {
                    "name": "Loïc Chardonnet",
                    "email": "loic.chardonnet@gmail.com",
                    "homepage": "http://gnugat.github.io",
                    "role": "Developer"
                }
            ],
            "description": "Memio's validator, used to check built models again a pre-defined set of rules",
            "homepage": "http://memio.github.io/memio",
            "keywords": [
                "code",
                "generator",
                "php"
            ],
            "time": "2015-04-21 06:39:21"
        },
        {
            "name": "nette/php-generator",
            "version": "dev-master",
            "source": {
                "type": "git",
                "url": "https://github.com/nette/php-generator.git",
                "reference": "d7a37f1a76537bb586c4096f7e013d7963abb4e0"
            },
            "dist": {
                "type": "zip",
                "url": "https://api.github.com/repos/nette/php-generator/zipball/d7a37f1a76537bb586c4096f7e013d7963abb4e0",
                "reference": "d7a37f1a76537bb586c4096f7e013d7963abb4e0",
                "shasum": ""
            },
            "require": {
                "nette/utils": "~2.2",
                "php": ">=5.6.0"
            },
            "conflict": {
                "nette/nette": "<2.2"
            },
            "require-dev": {
                "nette/tester": "~1.4"
            },
            "type": "library",
            "extra": {
                "branch-alias": {
                    "dev-master": "2.4-dev"
                }
            },
            "autoload": {
                "classmap": [
                    "src/"
                ]
            },
            "notification-url": "https://packagist.org/downloads/",
            "license": [
                "BSD-3-Clause",
                "GPL-2.0",
                "GPL-3.0"
            ],
            "authors": [
                {
                    "name": "David Grudl",
                    "homepage": "http://davidgrudl.com"
                },
                {
                    "name": "Nette Community",
                    "homepage": "http://nette.org/contributors"
                }
            ],
            "description": "Nette PHP Generator",
            "homepage": "http://nette.org",
            "time": "2015-09-21 17:34:32"
        },
        {
            "name": "nette/utils",
            "version": "v2.3.5",
            "source": {
                "type": "git",
                "url": "https://github.com/nette/utils.git",
                "reference": "298e955ad903c212dc766aa3f9f8ca840b6936eb"
            },
            "dist": {
                "type": "zip",
                "url": "https://api.github.com/repos/nette/utils/zipball/298e955ad903c212dc766aa3f9f8ca840b6936eb",
                "reference": "298e955ad903c212dc766aa3f9f8ca840b6936eb",
                "shasum": ""
            },
            "require": {
                "php": ">=5.3.1"
            },
            "conflict": {
                "nette/nette": "<2.2"
            },
            "require-dev": {
                "nette/tester": "~1.0"
            },
            "suggest": {
                "ext-gd": "to use Image",
                "ext-iconv": "to use Strings::webalize() and toAscii()",
                "ext-intl": "for script transliteration in Strings::webalize() and toAscii()",
                "ext-mbstring": "to use Strings::lower() etc..."
            },
            "type": "library",
            "autoload": {
                "classmap": [
                    "src/"
                ]
            },
            "notification-url": "https://packagist.org/downloads/",
            "license": [
                "BSD-3-Clause",
                "GPL-2.0",
                "GPL-3.0"
            ],
            "authors": [
                {
                    "name": "David Grudl",
                    "homepage": "http://davidgrudl.com"
                },
                {
                    "name": "Nette Community",
                    "homepage": "http://nette.org/contributors"
                }
            ],
            "description": "Nette Utility Classes",
            "homepage": "http://nette.org",
            "time": "2015-09-09 00:59:33"
        },
        {
            "name": "phootwork/collection",
            "version": "v1.2",
            "source": {
                "type": "git",
                "url": "https://github.com/phootwork/collection.git",
                "reference": "e438fc09740c82eb5695b048508daf2520dd8927"
            },
            "dist": {
                "type": "zip",
                "url": "https://api.github.com/repos/phootwork/collection/zipball/e438fc09740c82eb5695b048508daf2520dd8927",
                "reference": "e438fc09740c82eb5695b048508daf2520dd8927",
                "shasum": ""
            },
            "require": {
                "phootwork/lang": "~0",
                "php": ">=5.4"
            },
            "require-dev": {
                "phpunit/phpunit": "~4"
            },
            "type": "library",
            "autoload": {
                "psr-4": {
                    "phootwork\\collection\\": "src"
                }
            },
            "notification-url": "https://packagist.org/downloads/",
            "license": [
                "MIT"
            ],
            "description": "PHP Collections library (List, Set, Map, Queue & Stack)",
            "keywords": [
                "collection",
                "collections",
                "list",
                "map",
                "queue",
                "set",
                "stack"
            ],
            "time": "2015-05-27 16:52:52"
        },
        {
            "name": "phootwork/lang",
            "version": "v0.7",
            "source": {
                "type": "git",
                "url": "https://github.com/phootwork/lang.git",
                "reference": "7410bbc56bb98cd47dcded81b7dfbfd3be311782"
            },
            "dist": {
                "type": "zip",
                "url": "https://api.github.com/repos/phootwork/lang/zipball/7410bbc56bb98cd47dcded81b7dfbfd3be311782",
                "reference": "7410bbc56bb98cd47dcded81b7dfbfd3be311782",
                "shasum": ""
            },
            "require": {
                "php": ">=5.4"
            },
            "require-dev": {
                "phpunit/phpunit": "~4"
            },
            "type": "library",
            "autoload": {
                "psr-4": {
                    "phootwork\\lang\\": "src"
                }
            },
            "notification-url": "https://packagist.org/downloads/",
            "license": [
                "MIT"
            ],
            "description": "(Missing) PHP features represented by objects",
            "time": "2015-06-23 13:11:40"
        },
        {
            "name": "phootwork/tokenizer",
            "version": "v0.2",
            "source": {
                "type": "git",
                "url": "https://github.com/phootwork/tokenizer.git",
                "reference": "6eabc110532fea70986d9e3f8a2cdc5e2406cda7"
            },
            "dist": {
                "type": "zip",
                "url": "https://api.github.com/repos/phootwork/tokenizer/zipball/6eabc110532fea70986d9e3f8a2cdc5e2406cda7",
                "reference": "6eabc110532fea70986d9e3f8a2cdc5e2406cda7",
                "shasum": ""
            },
            "require": {
                "phootwork/collection": "~1"
            },
            "require-dev": {
                "phpunit/phpunit": "~4"
            },
            "type": "library",
            "autoload": {
                "psr-4": {
                    "phootwork\\tokenizer\\": "src"
                }
            },
            "notification-url": "https://packagist.org/downloads/",
            "license": [
                "MIT"
            ],
            "authors": [
                {
                    "name": "gossi"
                }
            ],
            "description": "Tokenizer for PHP code",
            "keywords": [
                "tokenizer"
            ],
            "time": "2015-05-12 16:11:09"
        },
        {
            "name": "symfony/config",
            "version": "v2.7.5",
            "source": {
                "type": "git",
                "url": "https://github.com/symfony/config.git",
                "reference": "9698fdf0a750d6887d5e7729d5cf099765b20e61"
            },
            "dist": {
                "type": "zip",
                "url": "https://api.github.com/repos/symfony/config/zipball/9698fdf0a750d6887d5e7729d5cf099765b20e61",
                "reference": "9698fdf0a750d6887d5e7729d5cf099765b20e61",
                "shasum": ""
            },
            "require": {
                "php": ">=5.3.9",
                "symfony/filesystem": "~2.3"
            },
            "require-dev": {
                "symfony/phpunit-bridge": "~2.7"
            },
            "type": "library",
            "extra": {
                "branch-alias": {
                    "dev-master": "2.7-dev"
                }
            },
            "autoload": {
                "psr-4": {
                    "Symfony\\Component\\Config\\": ""
                }
            },
            "notification-url": "https://packagist.org/downloads/",
            "license": [
                "MIT"
            ],
            "authors": [
                {
                    "name": "Fabien Potencier",
                    "email": "fabien@symfony.com"
                },
                {
                    "name": "Symfony Community",
                    "homepage": "https://symfony.com/contributors"
                }
            ],
            "description": "Symfony Config Component",
            "homepage": "https://symfony.com",
            "time": "2015-09-21 15:02:29"
        },
        {
            "name": "symfony/event-dispatcher",
            "version": "v2.7.5",
            "source": {
                "type": "git",
                "url": "https://github.com/symfony/event-dispatcher.git",
                "reference": "ae4dcc2a8d3de98bd794167a3ccda1311597c5d9"
            },
            "dist": {
                "type": "zip",
                "url": "https://api.github.com/repos/symfony/event-dispatcher/zipball/ae4dcc2a8d3de98bd794167a3ccda1311597c5d9",
                "reference": "ae4dcc2a8d3de98bd794167a3ccda1311597c5d9",
                "shasum": ""
            },
            "require": {
                "php": ">=5.3.9"
            },
            "require-dev": {
                "psr/log": "~1.0",
                "symfony/config": "~2.0,>=2.0.5",
                "symfony/dependency-injection": "~2.6",
                "symfony/expression-language": "~2.6",
                "symfony/phpunit-bridge": "~2.7",
                "symfony/stopwatch": "~2.3"
            },
            "suggest": {
                "symfony/dependency-injection": "",
                "symfony/http-kernel": ""
            },
            "type": "library",
            "extra": {
                "branch-alias": {
                    "dev-master": "2.7-dev"
                }
            },
            "autoload": {
                "psr-4": {
                    "Symfony\\Component\\EventDispatcher\\": ""
                }
            },
            "notification-url": "https://packagist.org/downloads/",
            "license": [
                "MIT"
            ],
            "authors": [
                {
                    "name": "Fabien Potencier",
                    "email": "fabien@symfony.com"
                },
                {
                    "name": "Symfony Community",
                    "homepage": "https://symfony.com/contributors"
                }
            ],
            "description": "Symfony EventDispatcher Component",
            "homepage": "https://symfony.com",
            "time": "2015-09-22 13:49:29"
        },
        {
            "name": "symfony/filesystem",
            "version": "v2.7.5",
            "source": {
                "type": "git",
                "url": "https://github.com/symfony/filesystem.git",
                "reference": "a17f8a17c20e8614c15b8e116e2f4bcde102cfab"
            },
            "dist": {
                "type": "zip",
                "url": "https://api.github.com/repos/symfony/filesystem/zipball/a17f8a17c20e8614c15b8e116e2f4bcde102cfab",
                "reference": "a17f8a17c20e8614c15b8e116e2f4bcde102cfab",
                "shasum": ""
            },
            "require": {
                "php": ">=5.3.9"
            },
            "require-dev": {
                "symfony/phpunit-bridge": "~2.7"
            },
            "type": "library",
            "extra": {
                "branch-alias": {
                    "dev-master": "2.7-dev"
                }
            },
            "autoload": {
                "psr-4": {
                    "Symfony\\Component\\Filesystem\\": ""
                }
            },
            "notification-url": "https://packagist.org/downloads/",
            "license": [
                "MIT"
            ],
            "authors": [
                {
                    "name": "Fabien Potencier",
                    "email": "fabien@symfony.com"
                },
                {
                    "name": "Symfony Community",
                    "homepage": "https://symfony.com/contributors"
                }
            ],
            "description": "Symfony Filesystem Component",
            "homepage": "https://symfony.com",
            "time": "2015-09-09 17:42:36"
        },
        {
            "name": "symfony/options-resolver",
            "version": "v2.7.5",
            "source": {
                "type": "git",
                "url": "https://github.com/symfony/options-resolver.git",
                "reference": "75389f6f948edfdf0c0ebdbe00c4f84ab5d1a03e"
            },
            "dist": {
                "type": "zip",
                "url": "https://api.github.com/repos/symfony/options-resolver/zipball/75389f6f948edfdf0c0ebdbe00c4f84ab5d1a03e",
                "reference": "75389f6f948edfdf0c0ebdbe00c4f84ab5d1a03e",
                "shasum": ""
            },
            "require": {
                "php": ">=5.3.9"
            },
            "require-dev": {
                "symfony/phpunit-bridge": "~2.7"
            },
            "type": "library",
            "extra": {
                "branch-alias": {
                    "dev-master": "2.7-dev"
                }
            },
            "autoload": {
                "psr-4": {
                    "Symfony\\Component\\OptionsResolver\\": ""
                }
            },
            "notification-url": "https://packagist.org/downloads/",
            "license": [
                "MIT"
            ],
            "authors": [
                {
                    "name": "Fabien Potencier",
                    "email": "fabien@symfony.com"
                },
                {
                    "name": "Symfony Community",
                    "homepage": "https://symfony.com/contributors"
                }
            ],
            "description": "Symfony OptionsResolver Component",
            "homepage": "https://symfony.com",
            "keywords": [
                "config",
                "configuration",
                "options"
            ],
            "time": "2015-09-25 06:59:16"
        },
        {
            "name": "symfony/yaml",
            "version": "v2.7.5",
            "source": {
                "type": "git",
                "url": "https://github.com/symfony/yaml.git",
                "reference": "31cb2ad0155c95b88ee55fe12bc7ff92232c1770"
            },
            "dist": {
                "type": "zip",
                "url": "https://api.github.com/repos/symfony/yaml/zipball/31cb2ad0155c95b88ee55fe12bc7ff92232c1770",
                "reference": "31cb2ad0155c95b88ee55fe12bc7ff92232c1770",
                "shasum": ""
            },
            "require": {
                "php": ">=5.3.9"
            },
            "require-dev": {
                "symfony/phpunit-bridge": "~2.7"
            },
            "type": "library",
            "extra": {
                "branch-alias": {
                    "dev-master": "2.7-dev"
                }
            },
            "autoload": {
                "psr-4": {
                    "Symfony\\Component\\Yaml\\": ""
                }
            },
            "notification-url": "https://packagist.org/downloads/",
            "license": [
                "MIT"
            ],
            "authors": [
                {
                    "name": "Fabien Potencier",
                    "email": "fabien@symfony.com"
                },
                {
                    "name": "Symfony Community",
                    "homepage": "https://symfony.com/contributors"
                }
            ],
            "description": "Symfony Yaml Component",
            "homepage": "https://symfony.com",
            "time": "2015-09-14 14:14:09"
        },
        {
            "name": "twig/twig",
            "version": "v1.22.2",
            "source": {
                "type": "git",
                "url": "https://github.com/twigphp/Twig.git",
                "reference": "79249fc8c9ff62e41e217e0c630e2e00bcadda6a"
            },
            "dist": {
                "type": "zip",
                "url": "https://api.github.com/repos/twigphp/Twig/zipball/79249fc8c9ff62e41e217e0c630e2e00bcadda6a",
                "reference": "79249fc8c9ff62e41e217e0c630e2e00bcadda6a",
                "shasum": ""
            },
            "require": {
                "php": ">=5.2.7"
            },
            "require-dev": {
                "symfony/debug": "~2.7",
                "symfony/phpunit-bridge": "~2.7"
            },
            "type": "library",
            "extra": {
                "branch-alias": {
                    "dev-master": "1.22-dev"
                }
            },
            "autoload": {
                "psr-0": {
                    "Twig_": "lib/"
                }
            },
            "notification-url": "https://packagist.org/downloads/",
            "license": [
                "BSD-3-Clause"
            ],
            "authors": [
                {
                    "name": "Fabien Potencier",
                    "email": "fabien@symfony.com",
                    "homepage": "http://fabien.potencier.org",
                    "role": "Lead Developer"
                },
                {
                    "name": "Armin Ronacher",
                    "email": "armin.ronacher@active-4.com",
                    "role": "Project Founder"
                },
                {
                    "name": "Twig Team",
                    "homepage": "http://twig.sensiolabs.org/contributors",
                    "role": "Contributors"
                }
            ],
            "description": "Twig, the flexible, fast, and secure template language for PHP",
            "homepage": "http://twig.sensiolabs.org",
            "keywords": [
                "templating"
            ],
            "time": "2015-09-22 13:59:32"
        }
    ],
    "packages-dev": [],
    "aliases": [],
    "minimum-stability": "stable",
    "stability-flags": {
        "gossi/php-code-generator": 20,
        "memio/memio": 20,
        "nette/php-generator": 20,
        "gossi/php-code-formatter": 20
    },
    "prefer-stable": false,
    "prefer-lowest": false,
    "platform": [],
    "platform-dev": []
}
