{
    "_readme": [
        "This file locks the dependencies of your project to a known state",
        "Read more about it at https://getcomposer.org/doc/01-basic-usage.md#composer-lock-the-lock-file",
        "This file is @generated automatically"
    ],
    "hash": "24c236dd9eae04fe6df84097ce6a38cd",
    "content-hash": "e8bc1b16d5e0c4b72d65fc3b0aa036dc",
    "packages": [
        {
            "name": "gossi/collection",
            "version": "v1.4.1",
            "source": {
                "type": "git",
                "url": "https://github.com/gossi/collection.git",
                "reference": "339bda4e443645d0cd9165302ee23f44d4bdfa90"
            },
            "dist": {
                "type": "zip",
                "url": "https://api.github.com/repos/gossi/collection/zipball/339bda4e443645d0cd9165302ee23f44d4bdfa90",
                "reference": "339bda4e443645d0cd9165302ee23f44d4bdfa90",
                "shasum": ""
            },
            "require": {
                "gossi/common": "~0",
                "php": ">=5.4"
            },
            "require-dev": {
                "phpunit/phpunit": "~4"
            },
            "type": "library",
            "autoload": {
                "psr-4": {
                    "gossi\\collection\\": "src"
                }
            },
            "notification-url": "https://packagist.org/downloads/",
            "license": [
                "MIT"
            ],
            "description": "PHP Collections library",
            "keywords": [
                "collection",
                "collections",
                "list",
                "map",
                "queue",
                "set",
                "stack"
            ],
            "abandoned": "phootwork/collection",
            "time": "2014-11-09 19:10:34"
        },
        {
            "name": "gossi/common",
            "version": "v0.3",
            "source": {
                "type": "git",
                "url": "https://github.com/gossi/common.git",
                "reference": "88362cd8c06d0f5f7d02870f64105d3912d95044"
            },
            "dist": {
                "type": "zip",
                "url": "https://api.github.com/repos/gossi/common/zipball/88362cd8c06d0f5f7d02870f64105d3912d95044",
                "reference": "88362cd8c06d0f5f7d02870f64105d3912d95044",
                "shasum": ""
            },
            "type": "library",
            "autoload": {
                "psr-4": {
                    "gossi\\common\\": "src"
                }
            },
            "notification-url": "https://packagist.org/downloads/",
            "license": [
                "MIT"
            ],
            "description": "Common php interfaces and classes",
            "keywords": [
                "commons",
                "php"
            ],
            "abandoned": "phootwork/lang",
            "time": "2014-11-06 01:24:21"
        },
        {
            "name": "gossi/docblock",
            "version": "v1.5",
            "source": {
                "type": "git",
                "url": "https://github.com/gossi/docblock.git",
                "reference": "9360d6c57c4d8655c59e77a50abdc5b43c3ca521"
            },
            "dist": {
                "type": "zip",
                "url": "https://api.github.com/repos/gossi/docblock/zipball/9360d6c57c4d8655c59e77a50abdc5b43c3ca521",
                "reference": "9360d6c57c4d8655c59e77a50abdc5b43c3ca521",
                "shasum": ""
            },
            "require": {
                "phootwork/collection": "~1",
                "php": ">=5.4"
            },
            "require-dev": {
                "phpunit/phpunit": "~4",
                "sami/sami": "~1"
            },
            "type": "library",
            "autoload": {
                "psr-4": {
                    "gossi\\docblock\\": "src"
                }
            },
            "notification-url": "https://packagist.org/downloads/",
            "license": [
                "MIT"
            ],
            "description": "PHP Docblock parser and generator. An API to read and write Docblocks.",
            "keywords": [
                "docblock",
                "generator",
                "parser"
            ],
            "time": "2015-09-18 14:16:44"
        },
        {
            "name": "gossi/php-code-formatter",
            "version": "dev-master",
            "source": {
                "type": "git",
                "url": "https://github.com/gossi/php-code-formatter.git",
                "reference": "318c01ef82fe471bca62e636dbee86bb38a6e00e"
            },
            "dist": {
                "type": "zip",
                "url": "https://api.github.com/repos/gossi/php-code-formatter/zipball/318c01ef82fe471bca62e636dbee86bb38a6e00e",
                "reference": "318c01ef82fe471bca62e636dbee86bb38a6e00e",
                "shasum": ""
            },
            "require": {
                "gossi/collection": "~1",
                "php": ">=5.4",
                "symfony/config": "~2",
                "symfony/event-dispatcher": "~2",
                "symfony/yaml": "~2"
            },
            "require-dev": {
                "phpunit/phpunit": "~4"
            },
            "type": "library",
            "autoload": {
                "psr-4": {
                    "gossi\\formatter\\": "src"
                }
            },
            "notification-url": "https://packagist.org/downloads/",
            "license": [
                "MIT"
            ],
            "description": "a code formatter for php code",
            "keywords": [
                "beautifier",
                "formatter",
                "php"
            ],
            "time": "2014-10-18 23:05:55"
        },
        {
            "name": "gossi/php-code-generator",
            "version": "dev-master",
            "source": {
                "type": "git",
                "url": "https://github.com/gossi/php-code-generator.git",
                "reference": "2bf5e3ff54e8819ef8ff2c2b19eead5418a94ef8"
            },
            "dist": {
                "type": "zip",
                "url": "https://api.github.com/repos/gossi/php-code-generator/zipball/2bf5e3ff54e8819ef8ff2c2b19eead5418a94ef8",
                "reference": "2bf5e3ff54e8819ef8ff2c2b19eead5418a94ef8",
                "shasum": ""
            },
            "require": {
                "gossi/docblock": "~1",
                "nikic/php-parser": "~1",
                "phootwork/file": "~0",
                "phootwork/tokenizer": "~0",
                "php": ">=5.4",
                "symfony/options-resolver": "~2.0|~3.0"
            },
            "require-dev": {
                "phpunit/phpunit": "~4",
                "sami/sami": "~3"
            },
            "suggest": {
                "gossi/php-code-formatter": "Formatting your generated code"
            },
            "type": "library",
            "extra": {
                "branch-alias": {
                    "dev-master": "1.1-dev"
                }
            },
            "autoload": {
                "psr-4": {
                    "gossi\\codegen\\": "src/"
                }
            },
            "notification-url": "https://packagist.org/downloads/",
            "license": [
                "Apache2"
            ],
            "authors": [
                {
                    "name": "Thomas Gossmann",
                    "homepage": "http://gos.si"
                }
            ],
            "description": "Toolset for generating PHP code",
            "keywords": [
                "code generation"
            ],
            "time": "2015-12-27 17:49:49"
        },
        {
            "name": "memio/linter",
            "version": "v1.0.2",
            "source": {
                "type": "git",
                "url": "https://github.com/memio/linter.git",
                "reference": "76286a4ea75c457946a2b5b68d793d6362d870b4"
            },
            "dist": {
                "type": "zip",
                "url": "https://api.github.com/repos/memio/linter/zipball/76286a4ea75c457946a2b5b68d793d6362d870b4",
                "reference": "76286a4ea75c457946a2b5b68d793d6362d870b4",
                "shasum": ""
            },
            "require": {
                "memio/model": "^1.0",
                "memio/validator": "^1.0",
                "php": "^5.3|^7.0"
            },
            "require-dev": {
                "fabpot/php-cs-fixer": "^1.6",
                "phpspec/phpspec": "^2.4"
            },
            "type": "library",
            "autoload": {
                "psr-4": {
                    "Memio\\Linter\\": "src/Memio/Linter"
                }
            },
            "notification-url": "https://packagist.org/downloads/",
            "license": [
                "MIT"
            ],
            "authors": [
                {
                    "name": "Loïc Faugeron",
                    "email": "faugeron.loic@gmail.com",
                    "homepage": "http://gnugat.github.io",
                    "role": "Developer"
                }
            ],
            "description": "Memio's linter, a set of constraint that check models for syntax errors",
            "homepage": "http://memio.github.io/memio",
            "keywords": [
                "code",
                "generator",
                "php"
            ],
            "time": "2015-12-01 16:44:02"
        },
        {
            "name": "memio/memio",
            "version": "dev-master",
            "source": {
                "type": "git",
                "url": "https://github.com/memio/memio.git",
                "reference": "d2a14f0e27ba7bc1e346bfdb5d1cce27e30e62e9"
            },
            "dist": {
                "type": "zip",
                "url": "https://api.github.com/repos/memio/memio/zipball/d2a14f0e27ba7bc1e346bfdb5d1cce27e30e62e9",
                "reference": "d2a14f0e27ba7bc1e346bfdb5d1cce27e30e62e9",
                "shasum": ""
            },
            "require": {
                "memio/linter": "^1.0",
                "memio/model": "^1.3",
                "memio/pretty-printer": "^1.0",
                "memio/twig-template-engine": "^1.2",
                "memio/validator": "^1.0",
                "php": "^5.3|^7.0"
            },
            "require-dev": {
                "fabpot/php-cs-fixer": "^1.6",
                "phpunit/phpunit": "^4.6|^5.0"
            },
            "type": "library",
            "autoload": {
                "psr-4": {
                    "Memio\\Memio\\": "src/Memio/Memio",
                    "Memio\\Memio\\Config\\": "config"
                }
            },
            "notification-url": "https://packagist.org/downloads/",
            "license": [
                "MIT"
            ],
            "authors": [
                {
                    "name": "Loïc Faugeron",
                    "email": "faugeron.loic@gmail.com",
                    "homepage": "http://gnugat.github.io",
                    "role": "Developer"
                }
            ],
            "description": "A highly opinionated PHP code generator library",
            "homepage": "http://memio.github.io/memio",
            "keywords": [
                "code",
                "generator",
                "php"
            ],
            "time": "2015-12-21 16:23:02"
        },
        {
            "name": "memio/model",
            "version": "v1.4.1",
            "source": {
                "type": "git",
                "url": "https://github.com/memio/model.git",
                "reference": "fbf1a4e4f610424b0600ec0d58e8ab9b55ba53e7"
            },
            "dist": {
                "type": "zip",
                "url": "https://api.github.com/repos/memio/model/zipball/fbf1a4e4f610424b0600ec0d58e8ab9b55ba53e7",
                "reference": "fbf1a4e4f610424b0600ec0d58e8ab9b55ba53e7",
                "shasum": ""
            },
            "require": {
                "php": "^5.3|^7.0"
            },
            "require-dev": {
                "fabpot/php-cs-fixer": "^1.6",
                "phpspec/phpspec": "^2.4"
            },
            "type": "library",
            "autoload": {
                "psr-4": {
                    "Memio\\Model\\": "src/Memio/Model"
                }
            },
            "notification-url": "https://packagist.org/downloads/",
            "license": [
                "MIT"
            ],
            "authors": [
                {
                    "name": "Loïc Faugeron",
                    "email": "faugeron.loic@gmail.com",
                    "homepage": "http://gnugat.github.io",
                    "role": "Developer"
                }
            ],
            "description": "Memio's models, used to describe the code to generate",
            "homepage": "http://memio.github.io/memio",
            "keywords": [
                "code",
                "generator",
                "php"
            ],
            "time": "2015-12-01 17:21:08"
        },
        {
            "name": "memio/pretty-printer",
            "version": "v1.0.3",
            "source": {
                "type": "git",
                "url": "https://github.com/memio/pretty-printer.git",
                "reference": "d0365eb3afbd1fd417698b89002e31afa9ce3174"
            },
            "dist": {
                "type": "zip",
                "url": "https://api.github.com/repos/memio/pretty-printer/zipball/d0365eb3afbd1fd417698b89002e31afa9ce3174",
                "reference": "d0365eb3afbd1fd417698b89002e31afa9ce3174",
                "shasum": ""
            },
            "require": {
                "memio/model": "^1.0",
                "php": "^5.3|^7.0"
            },
            "require-dev": {
                "fabpot/php-cs-fixer": "^1.6",
                "phpspec/phpspec": "^2.4"
            },
            "type": "library",
            "autoload": {
                "psr-4": {
                    "Memio\\PrettyPrinter\\": "src/Memio/PrettyPrinter"
                }
            },
            "notification-url": "https://packagist.org/downloads/",
            "license": [
                "MIT"
            ],
            "authors": [
                {
                    "name": "Loïc Faugeron",
                    "email": "faugeron.loic@gmail.com",
                    "homepage": "http://gnugat.github.io",
                    "role": "Developer"
                }
            ],
            "description": "Memio's PrettyPrinter, used to generate PHP code from given Model",
            "homepage": "http://memio.github.io/memio",
            "keywords": [
                "code",
                "generator",
                "php"
            ],
            "time": "2015-12-01 11:11:18"
        },
        {
            "name": "memio/twig-template-engine",
            "version": "v1.2.6",
            "source": {
                "type": "git",
                "url": "https://github.com/memio/twig-template-engine.git",
                "reference": "237ee7461fec7cebc3ae906d9f7b16d7a1fa99d4"
            },
            "dist": {
                "type": "zip",
                "url": "https://api.github.com/repos/memio/twig-template-engine/zipball/237ee7461fec7cebc3ae906d9f7b16d7a1fa99d4",
                "reference": "237ee7461fec7cebc3ae906d9f7b16d7a1fa99d4",
                "shasum": ""
            },
            "require": {
                "memio/model": "^1.3",
                "memio/pretty-printer": "^1.0",
                "php": "^5.3|^7.0",
                "twig/twig": "^1.18"
            },
            "require-dev": {
                "fabpot/php-cs-fixer": "^1.6",
                "phpspec/phpspec": "^2.4"
            },
            "type": "library",
            "autoload": {
                "psr-4": {
                    "Memio\\TwigTemplateEngine\\": "src/Memio/TwigTemplateEngine",
                    "Memio\\TwigTemplateEngine\\Config\\": "config"
                }
            },
            "notification-url": "https://packagist.org/downloads/",
            "license": [
                "MIT"
            ],
            "authors": [
                {
                    "name": "Loïc Faugeron",
                    "email": "faugeron.loic@gmail.com",
                    "homepage": "http://gnugat.github.io",
                    "role": "Developer"
                }
            ],
            "description": "Memio's Twig templates, used to generate PHP code from given Model",
            "homepage": "http://memio.github.io/memio",
            "keywords": [
                "code",
                "generator",
                "php",
                "templates",
                "twig"
            ],
            "time": "2015-12-21 16:30:46"
        },
        {
            "name": "memio/validator",
            "version": "v1.0.2",
            "source": {
                "type": "git",
                "url": "https://github.com/memio/validator.git",
                "reference": "5424fd8b43c833bfa634551fc5cb46962124900d"
            },
            "dist": {
                "type": "zip",
                "url": "https://api.github.com/repos/memio/validator/zipball/5424fd8b43c833bfa634551fc5cb46962124900d",
                "reference": "5424fd8b43c833bfa634551fc5cb46962124900d",
                "shasum": ""
            },
            "require": {
                "memio/model": "^1.0",
                "php": "^5.3|^7.0"
            },
            "require-dev": {
                "fabpot/php-cs-fixer": "^1.6",
                "phpspec/phpspec": "^2.4"
            },
            "type": "library",
            "autoload": {
                "psr-4": {
                    "Memio\\Validator\\": "src/Memio/Validator"
                }
            },
            "notification-url": "https://packagist.org/downloads/",
            "license": [
                "MIT"
            ],
            "authors": [
                {
                    "name": "Loïc Faugeron",
                    "email": "faugeron.loic@gmail.com",
                    "homepage": "http://gnugat.github.io",
                    "role": "Developer"
                }
            ],
            "description": "Memio's validator, used to check built models again a pre-defined set of rules",
            "homepage": "http://memio.github.io/memio",
            "keywords": [
                "code",
                "generator",
                "php"
            ],
            "time": "2015-12-01 16:49:43"
        },
        {
            "name": "nette/php-generator",
            "version": "dev-master",
            "source": {
                "type": "git",
                "url": "https://github.com/nette/php-generator.git",
                "reference": "25c327711b1b93ae61b29a1e13dd717534b63b1d"
            },
            "dist": {
                "type": "zip",
                "url": "https://api.github.com/repos/nette/php-generator/zipball/25c327711b1b93ae61b29a1e13dd717534b63b1d",
                "reference": "25c327711b1b93ae61b29a1e13dd717534b63b1d",
                "shasum": ""
            },
            "require": {
                "nette/utils": "~2.2",
                "php": ">=5.6.0"
            },
            "conflict": {
                "nette/nette": "<2.2"
            },
            "require-dev": {
                "nette/tester": "~1.4"
            },
            "type": "library",
            "extra": {
                "branch-alias": {
                    "dev-master": "2.4-dev"
                }
            },
            "autoload": {
                "classmap": [
                    "src/"
                ]
            },
            "notification-url": "https://packagist.org/downloads/",
            "license": [
                "BSD-3-Clause",
                "GPL-2.0",
                "GPL-3.0"
            ],
            "authors": [
                {
                    "name": "David Grudl",
                    "homepage": "https://davidgrudl.com"
                },
                {
                    "name": "Nette Community",
                    "homepage": "https://nette.org/contributors"
                }
            ],
            "description": "Nette PHP Generator",
            "homepage": "https://nette.org",
            "time": "2015-11-27 10:45:52"
        },
        {
            "name": "nette/utils",
            "version": "v2.3.7",
            "source": {
                "type": "git",
                "url": "https://github.com/nette/utils.git",
                "reference": "6f1ed73088c28a24acc9657ca14b3418a270e24b"
            },
            "dist": {
                "type": "zip",
                "url": "https://api.github.com/repos/nette/utils/zipball/6f1ed73088c28a24acc9657ca14b3418a270e24b",
                "reference": "6f1ed73088c28a24acc9657ca14b3418a270e24b",
                "shasum": ""
            },
            "require": {
                "php": ">=5.3.1"
            },
            "conflict": {
                "nette/nette": "<2.2"
            },
            "require-dev": {
                "nette/tester": "~1.0"
            },
            "suggest": {
                "ext-gd": "to use Image",
                "ext-iconv": "to use Strings::webalize() and toAscii()",
                "ext-intl": "for script transliteration in Strings::webalize() and toAscii()",
                "ext-mbstring": "to use Strings::lower() etc..."
            },
            "type": "library",
            "autoload": {
                "classmap": [
                    "src/"
                ]
            },
            "notification-url": "https://packagist.org/downloads/",
            "license": [
                "BSD-3-Clause",
                "GPL-2.0",
                "GPL-3.0"
            ],
            "authors": [
                {
                    "name": "David Grudl",
                    "homepage": "https://davidgrudl.com"
                },
                {
                    "name": "Nette Community",
                    "homepage": "https://nette.org/contributors"
                }
            ],
            "description": "Nette Utility Classes",
            "homepage": "https://nette.org",
            "time": "2015-11-30 00:11:35"
        },
        {
            "name": "nikic/php-parser",
            "version": "1.x-dev",
            "source": {
                "type": "git",
                "url": "https://github.com/nikic/PHP-Parser.git",
                "reference": "f78af2c9c86107aa1a34cd1dbb5bbe9eeb0d9f51"
            },
            "dist": {
                "type": "zip",
                "url": "https://api.github.com/repos/nikic/PHP-Parser/zipball/f78af2c9c86107aa1a34cd1dbb5bbe9eeb0d9f51",
                "reference": "f78af2c9c86107aa1a34cd1dbb5bbe9eeb0d9f51",
                "shasum": ""
            },
            "require": {
                "ext-tokenizer": "*",
                "php": ">=5.3"
            },
            "type": "library",
            "extra": {
                "branch-alias": {
                    "dev-master": "1.4-dev"
                }
            },
            "autoload": {
                "files": [
                    "lib/bootstrap.php"
                ]
            },
            "notification-url": "https://packagist.org/downloads/",
            "license": [
                "BSD-3-Clause"
            ],
            "authors": [
                {
                    "name": "Nikita Popov"
                }
            ],
            "description": "A PHP parser written in PHP",
            "keywords": [
                "parser",
                "php"
            ],
            "time": "2015-09-19 14:15:08"
        },
        {
            "name": "phootwork/collection",
            "version": "v1.2.2",
            "source": {
                "type": "git",
                "url": "https://github.com/phootwork/collection.git",
                "reference": "14e9dee4b514c76972209e873852aa3bbf3fb552"
            },
            "dist": {
                "type": "zip",
                "url": "https://api.github.com/repos/phootwork/collection/zipball/14e9dee4b514c76972209e873852aa3bbf3fb552",
                "reference": "14e9dee4b514c76972209e873852aa3bbf3fb552",
                "shasum": ""
            },
            "require": {
                "phootwork/lang": "~0",
                "php": ">=5.4"
            },
            "require-dev": {
                "phpunit/phpunit": "~4",
                "sami/sami": "~3"
            },
            "type": "library",
            "autoload": {
                "psr-4": {
                    "phootwork\\collection\\": "src"
                }
            },
            "notification-url": "https://packagist.org/downloads/",
            "license": [
                "MIT"
            ],
            "description": "PHP Collections library (List, Set, Map, Queue & Stack)",
            "keywords": [
                "collection",
                "collections",
                "list",
                "map",
                "queue",
                "set",
                "stack"
            ],
            "time": "2015-11-06 17:48:19"
        },
        {
            "name": "phootwork/file",
            "version": "v0.1.1",
            "source": {
                "type": "git",
                "url": "https://github.com/phootwork/file.git",
                "reference": "9142dcbf10fce313f568306496f13977985c3d83"
            },
            "dist": {
                "type": "zip",
                "url": "https://api.github.com/repos/phootwork/file/zipball/9142dcbf10fce313f568306496f13977985c3d83",
                "reference": "9142dcbf10fce313f568306496f13977985c3d83",
                "shasum": ""
            },
            "require": {
                "phootwork/lang": "~0",
                "php": ">=5.4"
            },
            "require-dev": {
                "mikey179/vfsstream": "~1",
                "phpunit/phpunit": "~4"
            },
            "type": "library",
            "autoload": {
                "psr-4": {
                    "phootwork\\file\\": "src"
                }
            },
            "notification-url": "https://packagist.org/downloads/",
            "license": [
                "MIT"
            ],
            "description": "File Operations for the local Filesystem",
            "keywords": [
                "file",
                "filesystem"
            ],
            "time": "2015-06-23 13:43:58"
        },
        {
            "name": "phootwork/lang",
            "version": "v0.7",
            "source": {
                "type": "git",
                "url": "https://github.com/phootwork/lang.git",
                "reference": "7410bbc56bb98cd47dcded81b7dfbfd3be311782"
            },
            "dist": {
                "type": "zip",
                "url": "https://api.github.com/repos/phootwork/lang/zipball/7410bbc56bb98cd47dcded81b7dfbfd3be311782",
                "reference": "7410bbc56bb98cd47dcded81b7dfbfd3be311782",
                "shasum": ""
            },
            "require": {
                "php": ">=5.4"
            },
            "require-dev": {
                "phpunit/phpunit": "~4"
            },
            "type": "library",
            "autoload": {
                "psr-4": {
                    "phootwork\\lang\\": "src"
                }
            },
            "notification-url": "https://packagist.org/downloads/",
            "license": [
                "MIT"
            ],
            "description": "(Missing) PHP features represented by objects",
            "time": "2015-06-23 13:11:40"
        },
        {
            "name": "phootwork/tokenizer",
            "version": "v0.2",
            "source": {
                "type": "git",
                "url": "https://github.com/phootwork/tokenizer.git",
                "reference": "6eabc110532fea70986d9e3f8a2cdc5e2406cda7"
            },
            "dist": {
                "type": "zip",
                "url": "https://api.github.com/repos/phootwork/tokenizer/zipball/6eabc110532fea70986d9e3f8a2cdc5e2406cda7",
                "reference": "6eabc110532fea70986d9e3f8a2cdc5e2406cda7",
                "shasum": ""
            },
            "require": {
                "phootwork/collection": "~1"
            },
            "require-dev": {
                "phpunit/phpunit": "~4"
            },
            "type": "library",
            "autoload": {
                "psr-4": {
                    "phootwork\\tokenizer\\": "src"
                }
            },
            "notification-url": "https://packagist.org/downloads/",
            "license": [
                "MIT"
            ],
            "authors": [
                {
                    "name": "gossi"
                }
            ],
            "description": "Tokenizer for PHP code",
            "keywords": [
                "tokenizer"
            ],
            "time": "2015-05-12 16:11:09"
        },
        {
            "name": "symfony/config",
            "version": "v2.8.1",
            "source": {
                "type": "git",
                "url": "https://github.com/symfony/config.git",
                "reference": "17d4b2e64ce1c6ba7caa040f14469b3c44d7f7d2"
            },
            "dist": {
                "type": "zip",
                "url": "https://api.github.com/repos/symfony/config/zipball/17d4b2e64ce1c6ba7caa040f14469b3c44d7f7d2",
                "reference": "17d4b2e64ce1c6ba7caa040f14469b3c44d7f7d2",
                "shasum": ""
            },
            "require": {
                "php": ">=5.3.9",
                "symfony/filesystem": "~2.3|~3.0.0"
            },
            "type": "library",
            "extra": {
                "branch-alias": {
                    "dev-master": "2.8-dev"
                }
            },
            "autoload": {
                "psr-4": {
                    "Symfony\\Component\\Config\\": ""
                },
                "exclude-from-classmap": [
                    "/Tests/"
                ]
            },
            "notification-url": "https://packagist.org/downloads/",
            "license": [
                "MIT"
            ],
            "authors": [
                {
                    "name": "Fabien Potencier",
                    "email": "fabien@symfony.com"
                },
                {
                    "name": "Symfony Community",
                    "homepage": "https://symfony.com/contributors"
                }
            ],
            "description": "Symfony Config Component",
            "homepage": "https://symfony.com",
            "time": "2015-12-26 13:37:56"
        },
        {
            "name": "symfony/event-dispatcher",
            "version": "v2.8.1",
            "source": {
                "type": "git",
                "url": "https://github.com/symfony/event-dispatcher.git",
                "reference": "a5eb815363c0388e83247e7e9853e5dbc14999cc"
            },
            "dist": {
                "type": "zip",
                "url": "https://api.github.com/repos/symfony/event-dispatcher/zipball/a5eb815363c0388e83247e7e9853e5dbc14999cc",
                "reference": "a5eb815363c0388e83247e7e9853e5dbc14999cc",
                "shasum": ""
            },
            "require": {
                "php": ">=5.3.9"
            },
            "require-dev": {
                "psr/log": "~1.0",
                "symfony/config": "~2.0,>=2.0.5|~3.0.0",
                "symfony/dependency-injection": "~2.6|~3.0.0",
                "symfony/expression-language": "~2.6|~3.0.0",
                "symfony/stopwatch": "~2.3|~3.0.0"
            },
            "suggest": {
                "symfony/dependency-injection": "",
                "symfony/http-kernel": ""
            },
            "type": "library",
            "extra": {
                "branch-alias": {
                    "dev-master": "2.8-dev"
                }
            },
            "autoload": {
                "psr-4": {
                    "Symfony\\Component\\EventDispatcher\\": ""
                },
                "exclude-from-classmap": [
                    "/Tests/"
                ]
            },
            "notification-url": "https://packagist.org/downloads/",
            "license": [
                "MIT"
            ],
            "authors": [
                {
                    "name": "Fabien Potencier",
                    "email": "fabien@symfony.com"
                },
                {
                    "name": "Symfony Community",
                    "homepage": "https://symfony.com/contributors"
                }
            ],
            "description": "Symfony EventDispatcher Component",
            "homepage": "https://symfony.com",
            "time": "2015-10-30 20:15:42"
        },
        {
            "name": "symfony/filesystem",
            "version": "v3.0.1",
            "source": {
                "type": "git",
                "url": "https://github.com/symfony/filesystem.git",
                "reference": "c2e59d11dccd135dc8f00ee97f34fe1de842e70c"
            },
            "dist": {
                "type": "zip",
                "url": "https://api.github.com/repos/symfony/filesystem/zipball/c2e59d11dccd135dc8f00ee97f34fe1de842e70c",
                "reference": "c2e59d11dccd135dc8f00ee97f34fe1de842e70c",
                "shasum": ""
            },
            "require": {
                "php": ">=5.5.9"
            },
            "type": "library",
            "extra": {
                "branch-alias": {
                    "dev-master": "3.0-dev"
                }
            },
            "autoload": {
                "psr-4": {
                    "Symfony\\Component\\Filesystem\\": ""
                },
                "exclude-from-classmap": [
                    "/Tests/"
                ]
            },
            "notification-url": "https://packagist.org/downloads/",
            "license": [
                "MIT"
            ],
            "authors": [
                {
                    "name": "Fabien Potencier",
                    "email": "fabien@symfony.com"
                },
                {
                    "name": "Symfony Community",
                    "homepage": "https://symfony.com/contributors"
                }
            ],
            "description": "Symfony Filesystem Component",
            "homepage": "https://symfony.com",
            "time": "2015-12-22 10:39:06"
        },
        {
            "name": "symfony/options-resolver",
            "version": "v3.0.1",
            "source": {
                "type": "git",
                "url": "https://github.com/symfony/options-resolver.git",
                "reference": "8e68c053a39e26559357cc742f01a7182ce40785"
            },
            "dist": {
                "type": "zip",
                "url": "https://api.github.com/repos/symfony/options-resolver/zipball/8e68c053a39e26559357cc742f01a7182ce40785",
                "reference": "8e68c053a39e26559357cc742f01a7182ce40785",
                "shasum": ""
            },
            "require": {
                "php": ">=5.5.9"
            },
            "type": "library",
            "extra": {
                "branch-alias": {
                    "dev-master": "3.0-dev"
                }
            },
            "autoload": {
                "psr-4": {
                    "Symfony\\Component\\OptionsResolver\\": ""
                },
                "exclude-from-classmap": [
                    "/Tests/"
                ]
            },
            "notification-url": "https://packagist.org/downloads/",
            "license": [
                "MIT"
            ],
            "authors": [
                {
                    "name": "Fabien Potencier",
                    "email": "fabien@symfony.com"
                },
                {
                    "name": "Symfony Community",
                    "homepage": "https://symfony.com/contributors"
                }
            ],
            "description": "Symfony OptionsResolver Component",
            "homepage": "https://symfony.com",
            "keywords": [
                "config",
                "configuration",
                "options"
            ],
            "time": "2015-11-18 13:48:51"
        },
        {
            "name": "symfony/yaml",
            "version": "v2.8.1",
            "source": {
                "type": "git",
                "url": "https://github.com/symfony/yaml.git",
                "reference": "ac84cbb98b68a6abbc9f5149eb96ccc7b07b8966"
            },
            "dist": {
                "type": "zip",
                "url": "https://api.github.com/repos/symfony/yaml/zipball/ac84cbb98b68a6abbc9f5149eb96ccc7b07b8966",
                "reference": "ac84cbb98b68a6abbc9f5149eb96ccc7b07b8966",
                "shasum": ""
            },
            "require": {
                "php": ">=5.3.9"
            },
            "type": "library",
            "extra": {
                "branch-alias": {
                    "dev-master": "2.8-dev"
                }
            },
            "autoload": {
                "psr-4": {
                    "Symfony\\Component\\Yaml\\": ""
                },
                "exclude-from-classmap": [
                    "/Tests/"
                ]
            },
            "notification-url": "https://packagist.org/downloads/",
            "license": [
                "MIT"
            ],
            "authors": [
                {
                    "name": "Fabien Potencier",
                    "email": "fabien@symfony.com"
                },
                {
                    "name": "Symfony Community",
                    "homepage": "https://symfony.com/contributors"
                }
            ],
            "description": "Symfony Yaml Component",
            "homepage": "https://symfony.com",
            "time": "2015-12-26 13:37:56"
        },
        {
            "name": "twig/twig",
            "version": "v1.23.1",
            "source": {
                "type": "git",
                "url": "https://github.com/twigphp/Twig.git",
                "reference": "d9b6333ae8dd2c8e3fd256e127548def0bc614c6"
            },
            "dist": {
                "type": "zip",
                "url": "https://api.github.com/repos/twigphp/Twig/zipball/d9b6333ae8dd2c8e3fd256e127548def0bc614c6",
                "reference": "d9b6333ae8dd2c8e3fd256e127548def0bc614c6",
                "shasum": ""
            },
            "require": {
                "php": ">=5.2.7"
            },
            "require-dev": {
                "symfony/debug": "~2.7",
                "symfony/phpunit-bridge": "~2.7"
            },
            "type": "library",
            "extra": {
                "branch-alias": {
                    "dev-master": "1.23-dev"
                }
            },
            "autoload": {
                "psr-0": {
                    "Twig_": "lib/"
                }
            },
            "notification-url": "https://packagist.org/downloads/",
            "license": [
                "BSD-3-Clause"
            ],
            "authors": [
                {
                    "name": "Fabien Potencier",
                    "email": "fabien@symfony.com",
                    "homepage": "http://fabien.potencier.org",
                    "role": "Lead Developer"
                },
                {
                    "name": "Armin Ronacher",
                    "email": "armin.ronacher@active-4.com",
                    "role": "Project Founder"
                },
                {
                    "name": "Twig Team",
                    "homepage": "http://twig.sensiolabs.org/contributors",
                    "role": "Contributors"
                }
            ],
            "description": "Twig, the flexible, fast, and secure template language for PHP",
            "homepage": "http://twig.sensiolabs.org",
            "keywords": [
                "templating"
            ],
            "time": "2015-11-05 12:49:06"
        }
    ],
    "packages-dev": [],
    "aliases": [],
    "minimum-stability": "stable",
    "stability-flags": {
        "gossi/php-code-generator": 20,
        "memio/memio": 20,
        "nette/php-generator": 20,
        "gossi/php-code-formatter": 20,
        "nikic/php-parser": 20
    },
    "prefer-stable": false,
    "prefer-lowest": false,
    "platform": [],
    "platform-dev": []
}
